{
  "lockfile_version": "1",
  "packages": {
    "atlas@latest": {
      "last_modified": "2024-07-20T09:11:00Z",
      "resolved": "github:NixOS/nixpkgs/6e14bbce7bea6c4efd7adfa88a40dac750d80100#atlas",
      "source": "devbox-search",
      "version": "0.25.0",
      "systems": {
        "aarch64-darwin": {
          "outputs": [
            {
              "name": "out",
              "path": "/nix/store/alww86nc17n1w38bzi7aqc9mj8vndq6k-atlas-0.25.0",
              "default": true
            }
          ],
          "store_path": "/nix/store/alww86nc17n1w38bzi7aqc9mj8vndq6k-atlas-0.25.0"
        },
        "aarch64-linux": {
          "outputs": [
            {
              "name": "out",
              "path": "/nix/store/yx1rm9qi2lyxkzkv8d3fjrx8lvlhmzk3-atlas-0.25.0",
              "default": true
            }
          ],
          "store_path": "/nix/store/yx1rm9qi2lyxkzkv8d3fjrx8lvlhmzk3-atlas-0.25.0"
        },
        "x86_64-darwin": {
          "outputs": [
            {
              "name": "out",
              "path": "/nix/store/nfqq33r50vsbcy5yldr9wi5q7ja4li2g-atlas-0.25.0",
              "default": true
            }
          ],
          "store_path": "/nix/store/nfqq33r50vsbcy5yldr9wi5q7ja4li2g-atlas-0.25.0"
        },
        "x86_64-linux": {
          "outputs": [
            {
              "name": "out",
              "path": "/nix/store/dwg2czmjd1lskiqxak8nbwml9dv1dwcb-atlas-0.25.0",
              "default": true
            }
          ],
          "store_path": "/nix/store/dwg2czmjd1lskiqxak8nbwml9dv1dwcb-atlas-0.25.0"
        }
      }
    },
    "bun@latest": {
      "last_modified": "2024-06-03T07:19:07Z",
      "resolved": "github:NixOS/nixpkgs/4a4ecb0ab415c9fccfb005567a215e6a9564cdf5#bun",
      "source": "devbox-search",
      "version": "1.1.10",
      "systems": {
        "aarch64-darwin": {
          "outputs": [
            {
              "name": "out",
              "path": "/nix/store/l1q46czfrz2p70x1mmk79rpw7c8j3g7f-bun-1.1.10",
              "default": true
            }
          ],
          "store_path": "/nix/store/l1q46czfrz2p70x1mmk79rpw7c8j3g7f-bun-1.1.10"
        },
        "aarch64-linux": {
          "outputs": [
            {
              "name": "out",
              "path": "/nix/store/mq84hyayln63lh97773b742hc35474xv-bun-1.1.10",
              "default": true
            }
          ],
          "store_path": "/nix/store/mq84hyayln63lh97773b742hc35474xv-bun-1.1.10"
        },
        "x86_64-darwin": {
          "outputs": [
            {
              "name": "out",
              "path": "/nix/store/fxd1z4chfyvivmz8ghb9g6i9b6qp5a60-bun-1.1.10",
              "default": true
            }
          ],
          "store_path": "/nix/store/fxd1z4chfyvivmz8ghb9g6i9b6qp5a60-bun-1.1.10"
        },
        "x86_64-linux": {
          "outputs": [
            {
              "name": "out",
              "path": "/nix/store/3ws1qnjgq1rbxs96q67php6i8aygcxgg-bun-1.1.10",
              "default": true
            }
          ],
          "store_path": "/nix/store/3ws1qnjgq1rbxs96q67php6i8aygcxgg-bun-1.1.10"
        }
      }
    },
    "curl@latest": {
      "last_modified": "2024-06-07T15:28:25Z",
      "resolved": "github:NixOS/nixpkgs/d226935fd75012939397c83f6c385e4d6d832288#curl",
      "source": "devbox-search",
      "version": "8.7.1",
      "systems": {
        "aarch64-darwin": {
          "outputs": [
            {
              "name": "bin",
              "path": "/nix/store/1033k8sfipzk1ly7igmawdra7lg348wb-curl-8.7.1-bin",
              "default": true
            },
            {
              "name": "man",
              "path": "/nix/store/lqb2rgnwxqvqppgda0p9lnw02ddzwiyc-curl-8.7.1-man",
              "default": true
            },
            {
              "name": "dev",
              "path": "/nix/store/fwbjf1ikz055flksk2isiam4ajl0rpa5-curl-8.7.1-dev"
            },
            {
              "name": "devdoc",
              "path": "/nix/store/yvgigsmfgxx4raiqi7qfn1aygf3fp5lj-curl-8.7.1-devdoc"
            },
            {
              "name": "out",
              "path": "/nix/store/37ydms17yxwi5y5rck08c93jad1rmrn8-curl-8.7.1"
            }
          ],
          "store_path": "/nix/store/1033k8sfipzk1ly7igmawdra7lg348wb-curl-8.7.1-bin"
        },
        "aarch64-linux": {
          "outputs": [
            {
              "name": "bin",
              "path": "/nix/store/pj0l3422i9szhcvx2llfq4688s36sayh-curl-8.7.1-bin",
              "default": true
            },
            {
              "name": "man",
              "path": "/nix/store/h26abdl6g03qcjhw5z928bppis6knrs6-curl-8.7.1-man",
              "default": true
            },
            {
              "name": "out",
              "path": "/nix/store/bpkfrw86xk4jyy1xqfj099myn8n1jpg4-curl-8.7.1"
            },
            {
              "name": "debug",
              "path": "/nix/store/5fm18i3di0ri842dx0050bjdw9nm93vk-curl-8.7.1-debug"
            },
            {
              "name": "dev",
              "path": "/nix/store/z5ix6is0r16v9s00igyk60dl4m86p40v-curl-8.7.1-dev"
            },
            {
              "name": "devdoc",
              "path": "/nix/store/zksjms3zn5fcbwgbv7s2s76jqsd3dnvc-curl-8.7.1-devdoc"
            }
          ],
          "store_path": "/nix/store/pj0l3422i9szhcvx2llfq4688s36sayh-curl-8.7.1-bin"
        },
        "x86_64-darwin": {
          "outputs": [
            {
              "name": "bin",
              "path": "/nix/store/kv9bax4w6lx30kmjdvhjmh6fr92kzxsq-curl-8.7.1-bin",
              "default": true
            },
            {
              "name": "man",
              "path": "/nix/store/jf1cjs21ph0vcsawvlqlxj2gy2bx8735-curl-8.7.1-man",
              "default": true
            },
            {
              "name": "out",
              "path": "/nix/store/41nf3fhd441bh9z5w7qym7jdwgi1yy63-curl-8.7.1"
            },
            {
              "name": "dev",
              "path": "/nix/store/i6gssb2zbqm5b0rw6z621cq753pyf52k-curl-8.7.1-dev"
            },
            {
              "name": "devdoc",
              "path": "/nix/store/pmzx43dv7qy1g2sc9yh2q2srp9zgjs5r-curl-8.7.1-devdoc"
            }
          ],
          "store_path": "/nix/store/kv9bax4w6lx30kmjdvhjmh6fr92kzxsq-curl-8.7.1-bin"
        },
        "x86_64-linux": {
          "outputs": [
            {
              "name": "bin",
              "path": "/nix/store/5xsp4qyik2wra2blp5am49yp7yp7wi6q-curl-8.7.1-bin",
              "default": true
            },
            {
              "name": "man",
              "path": "/nix/store/0xpamghwbc3fzw5220mdv78sdm7gajlv-curl-8.7.1-man",
              "default": true
            },
            {
              "name": "out",
              "path": "/nix/store/36kr91f8s509z2r8hqvpayw5bqyqgyzr-curl-8.7.1"
            },
            {
              "name": "debug",
              "path": "/nix/store/bpi7xm7h17asvnl0bd93hxzz9dhizdjx-curl-8.7.1-debug"
            },
            {
              "name": "dev",
              "path": "/nix/store/jvg1wiw83sxhx7bmhwyqhw9ygags4gwq-curl-8.7.1-dev"
            },
            {
              "name": "devdoc",
              "path": "/nix/store/ldzwhbq44wpqkjkfhy5gxfyy45v5g68j-curl-8.7.1-devdoc"
            }
          ],
          "store_path": "/nix/store/5xsp4qyik2wra2blp5am49yp7yp7wi6q-curl-8.7.1-bin"
        }
      }
    },
    "earthly@latest": {
      "last_modified": "2024-07-20T09:11:00Z",
      "resolved": "github:NixOS/nixpkgs/6e14bbce7bea6c4efd7adfa88a40dac750d80100#earthly",
      "source": "devbox-search",
      "version": "0.8.15",
      "systems": {
        "aarch64-darwin": {
          "outputs": [
            {
              "name": "out",
              "path": "/nix/store/ih542knlnqkfsb88bbwsibs01v5v28cq-earthly-0.8.15",
              "default": true
            }
          ],
          "store_path": "/nix/store/ih542knlnqkfsb88bbwsibs01v5v28cq-earthly-0.8.15"
        },
        "aarch64-linux": {
          "outputs": [
            {
              "name": "out",
              "path": "/nix/store/w2m1n36i6aa5n364s2rahqsdr2ng7bdf-earthly-0.8.15",
              "default": true
            }
          ],
          "store_path": "/nix/store/w2m1n36i6aa5n364s2rahqsdr2ng7bdf-earthly-0.8.15"
        },
        "x86_64-darwin": {
          "outputs": [
            {
              "name": "out",
              "path": "/nix/store/fqzbglbh59avzwy7adyd3aa1klxqp507-earthly-0.8.15",
              "default": true
            }
          ],
          "store_path": "/nix/store/fqzbglbh59avzwy7adyd3aa1klxqp507-earthly-0.8.15"
        },
        "x86_64-linux": {
          "outputs": [
            {
              "name": "out",
              "path": "/nix/store/jkikamn9pmbln02xpfcj8mimb2av2axx-earthly-0.8.15",
              "default": true
            }
          ],
          "store_path": "/nix/store/jkikamn9pmbln02xpfcj8mimb2av2axx-earthly-0.8.15"
        }
      }
    },
    "entr@latest": {
      "last_modified": "2024-05-22T06:18:38Z",
      "resolved": "github:NixOS/nixpkgs/3f316d2a50699a78afe5e77ca486ad553169061e#entr",
      "source": "devbox-search",
      "version": "5.5",
      "systems": {
        "aarch64-darwin": {
          "outputs": [
            {
              "name": "out",
              "path": "/nix/store/2vip6l0x9d8ay0sni850zmpdqqzzvsfg-entr-5.5",
              "default": true
            }
          ],
          "store_path": "/nix/store/2vip6l0x9d8ay0sni850zmpdqqzzvsfg-entr-5.5"
        },
        "aarch64-linux": {
          "outputs": [
            {
              "name": "out",
              "path": "/nix/store/qp00i840b441ddnz8kwvjnk5vcj6kszn-entr-5.5",
              "default": true
            }
          ],
          "store_path": "/nix/store/qp00i840b441ddnz8kwvjnk5vcj6kszn-entr-5.5"
        },
        "x86_64-darwin": {
          "outputs": [
            {
              "name": "out",
              "path": "/nix/store/j9aya2zimdnwcw6psgz98mp5iisbrhdd-entr-5.5",
              "default": true
            }
          ],
          "store_path": "/nix/store/j9aya2zimdnwcw6psgz98mp5iisbrhdd-entr-5.5"
        },
        "x86_64-linux": {
          "outputs": [
            {
              "name": "out",
              "path": "/nix/store/a2l4cbl1sqr6vbb3l68rh8r9dviwmbl6-entr-5.5",
              "default": true
            }
          ],
          "store_path": "/nix/store/a2l4cbl1sqr6vbb3l68rh8r9dviwmbl6-entr-5.5"
        }
      }
    },
    "flyctl@latest": {
      "last_modified": "2024-06-07T15:28:25Z",
      "resolved": "github:NixOS/nixpkgs/d226935fd75012939397c83f6c385e4d6d832288#flyctl",
      "source": "devbox-search",
      "version": "0.2.65",
      "systems": {
        "aarch64-darwin": {
          "outputs": [
            {
              "name": "out",
              "path": "/nix/store/3r2v3vmlixvjh1xxaj40ay4viikaiw36-flyctl-0.2.65",
              "default": true
            }
          ],
          "store_path": "/nix/store/3r2v3vmlixvjh1xxaj40ay4viikaiw36-flyctl-0.2.65"
        },
        "aarch64-linux": {
          "outputs": [
            {
              "name": "out",
              "path": "/nix/store/zwr4swahrcjvy857aqkcsplapymy2x5q-flyctl-0.2.65",
              "default": true
            }
          ],
          "store_path": "/nix/store/zwr4swahrcjvy857aqkcsplapymy2x5q-flyctl-0.2.65"
        },
        "x86_64-darwin": {
          "outputs": [
            {
              "name": "out",
              "path": "/nix/store/bd3pnzm0wgyqns84z97hr1fi78kckbqk-flyctl-0.2.65",
              "default": true
            }
          ],
          "store_path": "/nix/store/bd3pnzm0wgyqns84z97hr1fi78kckbqk-flyctl-0.2.65"
        },
        "x86_64-linux": {
          "outputs": [
            {
              "name": "out",
              "path": "/nix/store/1ha7d4fp6wr4qn2ixhswkpw2dswhd9kv-flyctl-0.2.65",
              "default": true
            }
          ],
          "store_path": "/nix/store/1ha7d4fp6wr4qn2ixhswkpw2dswhd9kv-flyctl-0.2.65"
        }
      }
    },
    "jdk-headless@21": {
      "last_modified": "2024-06-12T20:55:33Z",
      "resolved": "github:NixOS/nixpkgs/a9858885e197f984d92d7fe64e9fff6b2e488d40#jdk21_headless",
      "source": "devbox-search",
      "version": "21+35",
      "systems": {
        "aarch64-linux": {
          "outputs": [
            {
              "name": "out",
              "path": "/nix/store/cnh8bcc5p6a9zash8wbvii9arqmsgypy-openjdk-headless-21+35",
              "default": true
            },
            {
              "name": "debug",
              "path": "/nix/store/4wzylhnkc277maikzxmc6sihlajd81yj-openjdk-headless-21+35-debug"
            }
          ],
          "store_path": "/nix/store/cnh8bcc5p6a9zash8wbvii9arqmsgypy-openjdk-headless-21+35"
        },
        "x86_64-linux": {
          "outputs": [
            {
              "name": "out",
              "path": "/nix/store/b5c03ljd9290bkp4b9356wdvncsh5ixv-openjdk-headless-21+35",
              "default": true
            },
            {
              "name": "debug",
              "path": "/nix/store/hw9naadfxlvrp0mx1ccd5hhw9aqr1nh6-openjdk-headless-21+35-debug"
            }
          ],
          "store_path": "/nix/store/b5c03ljd9290bkp4b9356wdvncsh5ixv-openjdk-headless-21+35"
        }
      }
    },
    "just@latest": {
      "last_modified": "2024-05-22T06:18:38Z",
      "resolved": "github:NixOS/nixpkgs/3f316d2a50699a78afe5e77ca486ad553169061e#just",
      "source": "devbox-search",
      "version": "1.26.0",
      "systems": {
        "aarch64-darwin": {
          "outputs": [
            {
              "name": "out",
              "path": "/nix/store/8vfd79m7pf8a0nc5c3yd0nf8idjnxkpr-just-1.26.0",
              "default": true
            },
            {
              "name": "man",
              "path": "/nix/store/58anr0974j698srd2sgajl5f0vg18gh3-just-1.26.0-man",
              "default": true
            },
            {
              "name": "doc",
              "path": "/nix/store/2snzjdjq2lghwn342827d3vzindigq3b-just-1.26.0-doc"
            }
          ],
          "store_path": "/nix/store/8vfd79m7pf8a0nc5c3yd0nf8idjnxkpr-just-1.26.0"
        },
        "aarch64-linux": {
          "outputs": [
            {
              "name": "out",
              "path": "/nix/store/8sxppckai1jyy8psjzgkhmq3mwz4riww-just-1.26.0",
              "default": true
            },
            {
              "name": "man",
              "path": "/nix/store/9bpvcgx27r0j54j460f0kiznlvcc0bii-just-1.26.0-man",
              "default": true
            },
            {
              "name": "doc",
              "path": "/nix/store/lxnqvqzm8dp93pqlk074chghjgysq9a6-just-1.26.0-doc"
            }
          ],
          "store_path": "/nix/store/8sxppckai1jyy8psjzgkhmq3mwz4riww-just-1.26.0"
        },
        "x86_64-darwin": {
          "outputs": [
            {
              "name": "out",
              "path": "/nix/store/1qyp420z5zkhbmzs9rnmmc4alrx0zz5d-just-1.26.0",
              "default": true
            },
            {
              "name": "man",
              "path": "/nix/store/lyylsapjs9lzmb5mgs93dw32vqg82vh1-just-1.26.0-man",
              "default": true
            },
            {
              "name": "doc",
              "path": "/nix/store/01kcg7ki1s5jhy94lsyjcaxvfqb61l6z-just-1.26.0-doc"
            }
          ],
          "store_path": "/nix/store/1qyp420z5zkhbmzs9rnmmc4alrx0zz5d-just-1.26.0"
        },
        "x86_64-linux": {
          "outputs": [
            {
              "name": "out",
              "path": "/nix/store/vl9pf2j6a0rld8flcw00c7mibbg0avwn-just-1.26.0",
              "default": true
            },
            {
              "name": "man",
              "path": "/nix/store/g5j844iink42jw1yv2z1rksi3rxf6dr1-just-1.26.0-man",
              "default": true
            },
            {
              "name": "doc",
              "path": "/nix/store/4wqnjk4rs68fmxgmdrb8wbk3bs6s9crj-just-1.26.0-doc"
            }
          ],
          "store_path": "/nix/store/vl9pf2j6a0rld8flcw00c7mibbg0avwn-just-1.26.0"
        }
      }
    },
    "mill@latest": {
      "last_modified": "2024-07-20T00:34:32Z",
      "resolved": "github:NixOS/nixpkgs/2d65995365a2a6b05db69e344d3b673c8d541bcd#mill",
      "source": "devbox-search",
      "version": "0.11.9",
      "systems": {
        "aarch64-darwin": {
          "outputs": [
            {
              "name": "out",
              "path": "/nix/store/9hjrpdk08l2x22zb382d5m7yys7fgm04-mill-0.11.9",
              "default": true
            }
          ],
          "store_path": "/nix/store/9hjrpdk08l2x22zb382d5m7yys7fgm04-mill-0.11.9"
        },
        "aarch64-linux": {
          "outputs": [
            {
              "name": "out",
              "path": "/nix/store/wwpv13hawfa3zj5if5msksv12wc7y8h6-mill-0.11.9",
              "default": true
            }
          ],
          "store_path": "/nix/store/wwpv13hawfa3zj5if5msksv12wc7y8h6-mill-0.11.9"
        },
        "x86_64-darwin": {
          "outputs": [
            {
              "name": "out",
              "path": "/nix/store/m52mib7gxjxi4kcwi7yyi8hg8mlx8217-mill-0.11.9",
              "default": true
            }
          ],
          "store_path": "/nix/store/m52mib7gxjxi4kcwi7yyi8hg8mlx8217-mill-0.11.9"
        },
        "x86_64-linux": {
          "outputs": [
            {
              "name": "out",
              "path": "/nix/store/plyr3h2n9xbnin9ikyl1bp12ds41pa17-mill-0.11.9",
              "default": true
            }
          ],
          "store_path": "/nix/store/plyr3h2n9xbnin9ikyl1bp12ds41pa17-mill-0.11.9"
        }
      }
    },
    "ngrok@latest": {
      "last_modified": "2024-07-31T08:48:38Z",
      "resolved": "github:NixOS/nixpkgs/c3392ad349a5227f4a3464dce87bcc5046692fce#ngrok",
      "source": "devbox-search",
      "version": "3.13.0",
      "systems": {
        "aarch64-darwin": {
          "outputs": [
            {
              "name": "out",
              "path": "/nix/store/70kgx0irv8drp2hz2yzlqav6bfsjr4sh-ngrok-3.13.0",
              "default": true
            }
          ],
          "store_path": "/nix/store/70kgx0irv8drp2hz2yzlqav6bfsjr4sh-ngrok-3.13.0"
        },
        "aarch64-linux": {
          "outputs": [
            {
              "name": "out",
              "path": "/nix/store/8c11c6rm3j1al4yc835v323hdyaggqmm-ngrok-3.13.0",
              "default": true
            }
          ],
          "store_path": "/nix/store/8c11c6rm3j1al4yc835v323hdyaggqmm-ngrok-3.13.0"
        },
        "x86_64-darwin": {
          "outputs": [
            {
              "name": "out",
              "path": "/nix/store/73yk7nhkq8k6gxm9j7r5rvi83fxn3jv3-ngrok-3.13.0",
              "default": true
            }
          ],
          "store_path": "/nix/store/73yk7nhkq8k6gxm9j7r5rvi83fxn3jv3-ngrok-3.13.0"
        },
        "x86_64-linux": {
          "outputs": [
            {
              "name": "out",
              "path": "/nix/store/cfwpppp4cy2da9qraq4vsgv5cvswv1gp-ngrok-3.13.0",
              "default": true
            }
          ],
          "store_path": "/nix/store/cfwpppp4cy2da9qraq4vsgv5cvswv1gp-ngrok-3.13.0"
        }
      }
    },
    "process-compose@latest": {
      "last_modified": "2024-05-29T10:04:41Z",
      "resolved": "github:NixOS/nixpkgs/ac82a513e55582291805d6f09d35b6d8b60637a1#process-compose",
      "source": "devbox-search",
      "version": "1.6.1",
      "systems": {
        "aarch64-darwin": {
          "outputs": [
            {
              "name": "out",
              "path": "/nix/store/qhq4g5gx611qryv4w61gvhav8hb11vsc-process-compose-1.6.1",
              "default": true
            }
          ],
          "store_path": "/nix/store/qhq4g5gx611qryv4w61gvhav8hb11vsc-process-compose-1.6.1"
        },
        "aarch64-linux": {
          "outputs": [
            {
              "name": "out",
              "path": "/nix/store/79qw74n84v8vsgpknzjdp7d6rfjzxa83-process-compose-1.6.1",
              "default": true
            }
          ],
          "store_path": "/nix/store/79qw74n84v8vsgpknzjdp7d6rfjzxa83-process-compose-1.6.1"
        },
        "x86_64-darwin": {
          "outputs": [
            {
              "name": "out",
              "path": "/nix/store/6199nwc4hy22xfvx62r8ypnlvj55p313-process-compose-1.6.1",
              "default": true
            }
          ],
          "store_path": "/nix/store/6199nwc4hy22xfvx62r8ypnlvj55p313-process-compose-1.6.1"
        },
        "x86_64-linux": {
          "outputs": [
            {
              "name": "out",
              "path": "/nix/store/srr4nxh4m9zprm6fgbxvvb4vfv4lwqqv-process-compose-1.6.1",
              "default": true
            }
          ],
          "store_path": "/nix/store/srr4nxh4m9zprm6fgbxvvb4vfv4lwqqv-process-compose-1.6.1"
        }
      }
    },
    "scalafmt@latest": {
      "last_modified": "2024-07-07T07:43:47Z",
      "resolved": "github:NixOS/nixpkgs/b60793b86201040d9dee019a05089a9150d08b5b#scalafmt",
      "source": "devbox-search",
      "version": "3.7.17",
      "systems": {
        "aarch64-darwin": {
          "outputs": [
            {
              "name": "out",
              "path": "/nix/store/269q04v7n301bkwj1hlxachz1jzvw34g-scalafmt-3.7.17",
              "default": true
            }
          ],
          "store_path": "/nix/store/269q04v7n301bkwj1hlxachz1jzvw34g-scalafmt-3.7.17"
        },
        "aarch64-linux": {
          "outputs": [
            {
              "name": "out",
              "path": "/nix/store/2zqhq2jlqgmi3zphdy7s9qipp5alb4sd-scalafmt-3.7.17",
              "default": true
            }
          ],
          "store_path": "/nix/store/2zqhq2jlqgmi3zphdy7s9qipp5alb4sd-scalafmt-3.7.17"
        },
        "x86_64-darwin": {
          "outputs": [
            {
              "name": "out",
              "path": "/nix/store/k26myn4cy4hc353j6pvj4p4m6gss2w9r-scalafmt-3.7.17",
              "default": true
            }
          ],
          "store_path": "/nix/store/k26myn4cy4hc353j6pvj4p4m6gss2w9r-scalafmt-3.7.17"
        },
        "x86_64-linux": {
          "outputs": [
            {
              "name": "out",
              "path": "/nix/store/5bq4j4diclfls5n86hhprrjq97ghc417-scalafmt-3.7.17",
              "default": true
            }
          ],
          "store_path": "/nix/store/5bq4j4diclfls5n86hhprrjq97ghc417-scalafmt-3.7.17"
        }
      }
    },
    "schemacrawler@latest": {
      "last_modified": "2024-05-22T06:18:38Z",
      "resolved": "github:NixOS/nixpkgs/3f316d2a50699a78afe5e77ca486ad553169061e#schemacrawler",
      "source": "devbox-search",
      "version": "16.21.2",
      "systems": {
        "aarch64-darwin": {
          "outputs": [
            {
              "name": "out",
              "path": "/nix/store/5bdhb5zj7z6bs12jr2smc9gyhr7y6inf-schemacrawler-16.21.2",
              "default": true
            }
          ],
          "store_path": "/nix/store/5bdhb5zj7z6bs12jr2smc9gyhr7y6inf-schemacrawler-16.21.2"
        },
        "aarch64-linux": {
          "outputs": [
            {
              "name": "out",
              "path": "/nix/store/z7rhm1sziqg7c3p3s0nb4z4cdigzzk9w-schemacrawler-16.21.2",
              "default": true
            }
          ],
          "store_path": "/nix/store/z7rhm1sziqg7c3p3s0nb4z4cdigzzk9w-schemacrawler-16.21.2"
        },
        "x86_64-darwin": {
          "outputs": [
            {
              "name": "out",
              "path": "/nix/store/5j1rmx7m14y1pbkz8fgxqnx3rf61v1fh-schemacrawler-16.21.2",
              "default": true
            }
          ],
          "store_path": "/nix/store/5j1rmx7m14y1pbkz8fgxqnx3rf61v1fh-schemacrawler-16.21.2"
        },
        "x86_64-linux": {
          "outputs": [
            {
              "name": "out",
              "path": "/nix/store/b9fzczy9w9yzhw00nzza9s89m8mwwnv0-schemacrawler-16.21.2",
              "default": true
            }
          ],
          "store_path": "/nix/store/b9fzczy9w9yzhw00nzza9s89m8mwwnv0-schemacrawler-16.21.2"
        }
      }
    },
    "sqlc@latest": {
      "last_modified": "2024-07-20T09:11:00Z",
      "resolved": "github:NixOS/nixpkgs/6e14bbce7bea6c4efd7adfa88a40dac750d80100#sqlc",
      "source": "devbox-search",
      "version": "1.26.0",
      "systems": {
        "aarch64-darwin": {
          "outputs": [
            {
              "name": "out",
              "path": "/nix/store/da4bxkk0grsj6pzx9z15ycshsbrq38cd-sqlc-1.26.0",
              "default": true
            }
          ],
          "store_path": "/nix/store/da4bxkk0grsj6pzx9z15ycshsbrq38cd-sqlc-1.26.0"
        },
        "aarch64-linux": {
          "outputs": [
            {
              "name": "out",
              "path": "/nix/store/j793mdysq8by9hsvnnw1fxswxdz2az3f-sqlc-1.26.0",
              "default": true
            }
          ],
          "store_path": "/nix/store/j793mdysq8by9hsvnnw1fxswxdz2az3f-sqlc-1.26.0"
        },
        "x86_64-darwin": {
          "outputs": [
            {
              "name": "out",
              "path": "/nix/store/27mdla09qdlrl4lbr0vdivxy77b2cndd-sqlc-1.26.0",
              "default": true
            }
          ],
          "store_path": "/nix/store/27mdla09qdlrl4lbr0vdivxy77b2cndd-sqlc-1.26.0"
        },
        "x86_64-linux": {
          "outputs": [
            {
              "name": "out",
              "path": "/nix/store/g1sknqzbg9sn09fwff5v80j57waay71r-sqlc-1.26.0",
              "default": true
            }
          ],
          "store_path": "/nix/store/g1sknqzbg9sn09fwff5v80j57waay71r-sqlc-1.26.0"
        }
      }
    },
    "sqlite-interactive@latest": {
      "last_modified": "2024-06-06T04:00:50Z",
      "resolved": "github:NixOS/nixpkgs/818dbe2f96df233d2041739d6079bb616d3e5597#sqlite-interactive",
      "source": "devbox-search",
      "version": "3.45.3",
      "systems": {
        "aarch64-darwin": {
          "outputs": [
            {
              "name": "bin",
              "path": "/nix/store/fvzkspxbmr670na3dj68fnj2jf09jzav-sqlite-interactive-3.45.3-bin",
              "default": true
            },
            {
              "name": "dev",
              "path": "/nix/store/6faxd0q6czmmfssirm9fdvz86v315xlf-sqlite-interactive-3.45.3-dev"
            },
            {
              "name": "out",
              "path": "/nix/store/26vhp4mg3vli7g7srnrmh39r696yrpp6-sqlite-interactive-3.45.3"
            }
          ],
          "store_path": "/nix/store/fvzkspxbmr670na3dj68fnj2jf09jzav-sqlite-interactive-3.45.3-bin"
        },
        "aarch64-linux": {
          "outputs": [
            {
              "name": "bin",
              "path": "/nix/store/25hajqqk01nk7z13rm0pj9ckf65vjf2p-sqlite-interactive-3.45.3-bin",
              "default": true
            },
            {
              "name": "debug",
              "path": "/nix/store/mch8dmbv7wkq53imx2h580lm2d0q1193-sqlite-interactive-3.45.3-debug"
            },
            {
              "name": "dev",
              "path": "/nix/store/1nkifzgs97cfrrpfzfq0ql7xdnpwys3l-sqlite-interactive-3.45.3-dev"
            },
            {
              "name": "out",
              "path": "/nix/store/ricf4isxwhbghh0payc00hipbxyjh8z5-sqlite-interactive-3.45.3"
            }
          ],
          "store_path": "/nix/store/25hajqqk01nk7z13rm0pj9ckf65vjf2p-sqlite-interactive-3.45.3-bin"
        },
        "x86_64-darwin": {
          "outputs": [
            {
              "name": "bin",
              "path": "/nix/store/likrwrcib75hi28zismmrjikhay5rpd4-sqlite-interactive-3.45.3-bin",
              "default": true
            },
            {
              "name": "dev",
              "path": "/nix/store/rzpbq8l3s6m238vh1a3f2myabcq7s775-sqlite-interactive-3.45.3-dev"
            },
            {
              "name": "out",
              "path": "/nix/store/rhzdsg272swhsp4y7vd2p9cdvhl2nda6-sqlite-interactive-3.45.3"
            }
          ],
          "store_path": "/nix/store/likrwrcib75hi28zismmrjikhay5rpd4-sqlite-interactive-3.45.3-bin"
        },
        "x86_64-linux": {
          "outputs": [
            {
              "name": "bin",
              "path": "/nix/store/infk4071v1difwnn7nsyarsmsj4pjfz8-sqlite-interactive-3.45.3-bin",
              "default": true
            },
            {
              "name": "out",
              "path": "/nix/store/a10mpzdphby44za48g1yamhgvjhcwfhm-sqlite-interactive-3.45.3"
            },
            {
              "name": "debug",
              "path": "/nix/store/x2d3rk6v352ivd4sbsh5mdd94al4c39l-sqlite-interactive-3.45.3-debug"
            },
            {
              "name": "dev",
              "path": "/nix/store/dlfjfi5j8j73nbvir6lqj16s4q2di31f-sqlite-interactive-3.45.3-dev"
            }
          ],
          "store_path": "/nix/store/infk4071v1difwnn7nsyarsmsj4pjfz8-sqlite-interactive-3.45.3-bin"
        }
      }
    }
  }
}
