{
  "lockfile_version": "1",
  "packages": {
    "bun@latest": {
      "last_modified": "2024-07-31T08:48:38Z",
      "resolved": "github:NixOS/nixpkgs/c3392ad349a5227f4a3464dce87bcc5046692fce#bun",
      "source": "devbox-search",
      "version": "1.1.20",
      "systems": {
        "aarch64-darwin": {
          "outputs": [
            {
              "name": "out",
              "path": "/nix/store/7b4saiyg73l7kyxcnwdq0klrw19h9iq2-bun-1.1.20",
              "default": true
            }
          ],
          "store_path": "/nix/store/7b4saiyg73l7kyxcnwdq0klrw19h9iq2-bun-1.1.20"
        },
        "aarch64-linux": {
          "outputs": [
            {
              "name": "out",
              "path": "/nix/store/7gr5zzj3i3ygczp5bm0h8pvhz43vlrxw-bun-1.1.20",
              "default": true
            }
          ],
          "store_path": "/nix/store/7gr5zzj3i3ygczp5bm0h8pvhz43vlrxw-bun-1.1.20"
        },
        "x86_64-darwin": {
          "outputs": [
            {
              "name": "out",
              "path": "/nix/store/i802zzcbz65i9rcw3cs6yq67jnpc8mmf-bun-1.1.20",
              "default": true
            }
          ],
          "store_path": "/nix/store/i802zzcbz65i9rcw3cs6yq67jnpc8mmf-bun-1.1.20"
        },
        "x86_64-linux": {
          "outputs": [
            {
              "name": "out",
              "path": "/nix/store/688b52ijixzb0jwlxz93cyiyxibp7qlh-bun-1.1.20",
              "default": true
            }
          ],
          "store_path": "/nix/store/688b52ijixzb0jwlxz93cyiyxibp7qlh-bun-1.1.20"
        }
      }
    },
    "cloc@latest": {
      "last_modified": "2024-08-04T00:20:25Z",
      "resolved": "github:NixOS/nixpkgs/f3834de3782b82bfc666abf664f946d0e7d1f116#cloc",
      "source": "devbox-search",
      "version": "2.02",
      "systems": {
        "aarch64-darwin": {
          "outputs": [
            {
              "name": "out",
              "path": "/nix/store/h5ffr9l95p60prhr7szr008pns89wsj7-cloc-2.02",
              "default": true
            }
          ],
          "store_path": "/nix/store/h5ffr9l95p60prhr7szr008pns89wsj7-cloc-2.02"
        },
        "aarch64-linux": {
          "outputs": [
            {
              "name": "out",
              "path": "/nix/store/l6ma05khxqvs2b9dld33dcp6znvdaf58-cloc-2.02",
              "default": true
            }
          ],
          "store_path": "/nix/store/l6ma05khxqvs2b9dld33dcp6znvdaf58-cloc-2.02"
        },
        "x86_64-darwin": {
          "outputs": [
            {
              "name": "out",
              "path": "/nix/store/5rvzi94ds2n9bwf7yxkpbnq0jlcdfykr-cloc-2.02",
              "default": true
            }
          ],
          "store_path": "/nix/store/5rvzi94ds2n9bwf7yxkpbnq0jlcdfykr-cloc-2.02"
        },
        "x86_64-linux": {
          "outputs": [
            {
              "name": "out",
              "path": "/nix/store/zfvqldgncrjfhd61gmridggf7a0ckrqg-cloc-2.02",
              "default": true
            }
          ],
          "store_path": "/nix/store/zfvqldgncrjfhd61gmridggf7a0ckrqg-cloc-2.02"
        }
      }
    },
    "curl@latest": {
      "last_modified": "2024-08-14T02:42:29Z",
      "resolved": "github:NixOS/nixpkgs/daf7bb95821b789db24fc1ac21f613db0c1bf2cb#curl",
      "source": "devbox-search",
      "version": "8.8.0",
      "systems": {
        "aarch64-darwin": {
          "outputs": [
            {
              "name": "bin",
              "path": "/nix/store/3a0wpz3jlr9k56znj1728djwzv0n4k5r-curl-8.8.0-bin",
              "default": true
            },
            {
              "name": "man",
              "path": "/nix/store/iq2i19aspbbvbys7xi91v4b00xb6nylm-curl-8.8.0-man",
              "default": true
            },
            {
              "name": "out",
              "path": "/nix/store/9v7hc5hm591539hlka47dj8ibjnbv0r2-curl-8.8.0"
            },
            {
              "name": "dev",
              "path": "/nix/store/l6h5s1l6y5x2gdsr2c0zd6ck901k72gm-curl-8.8.0-dev"
            },
            {
              "name": "devdoc",
              "path": "/nix/store/93kh2pnzwcq7bygnjs5i56ah4d7n0rbq-curl-8.8.0-devdoc"
            }
          ],
          "store_path": "/nix/store/3a0wpz3jlr9k56znj1728djwzv0n4k5r-curl-8.8.0-bin"
        },
        "aarch64-linux": {
          "outputs": [
            {
              "name": "bin",
              "path": "/nix/store/vw8il31201b00fwijj5dclrinpi371vb-curl-8.8.0-bin",
              "default": true
            },
            {
              "name": "man",
              "path": "/nix/store/7pbf28nmnbcdmaray4sr6l3gd28dyjyr-curl-8.8.0-man",
              "default": true
            },
            {
              "name": "debug",
              "path": "/nix/store/860q6cd8kzfm00rhs8k66znb2p6vygv6-curl-8.8.0-debug"
            },
            {
              "name": "dev",
              "path": "/nix/store/w7kxbfcb66d53jsnww0v7mmxx600pqvw-curl-8.8.0-dev"
            },
            {
              "name": "devdoc",
              "path": "/nix/store/7j1sym3l7wwldacpbfl7ni2i7mrvdlsj-curl-8.8.0-devdoc"
            },
            {
              "name": "out",
              "path": "/nix/store/lalbnj7315s73fxn9wpk3i2dg0pin6vw-curl-8.8.0"
            }
          ],
          "store_path": "/nix/store/vw8il31201b00fwijj5dclrinpi371vb-curl-8.8.0-bin"
        },
        "x86_64-darwin": {
          "outputs": [
            {
              "name": "bin",
              "path": "/nix/store/2241jrfkxw58c8857qk0ylryibxg1590-curl-8.8.0-bin",
              "default": true
            },
            {
              "name": "man",
              "path": "/nix/store/0rzdyiw6dkklx6jmwvzx9jxysvzjikd8-curl-8.8.0-man",
              "default": true
            },
            {
              "name": "out",
              "path": "/nix/store/ng16vcrzjd0p7lvlfyj6l94vwimykf1s-curl-8.8.0"
            },
            {
              "name": "dev",
              "path": "/nix/store/zxf340drqdn90a8sx8gdgx3ayf66s181-curl-8.8.0-dev"
            },
            {
              "name": "devdoc",
              "path": "/nix/store/0jinz0m7gb0zr95gbqbqw6zcv9s51626-curl-8.8.0-devdoc"
            }
          ],
          "store_path": "/nix/store/2241jrfkxw58c8857qk0ylryibxg1590-curl-8.8.0-bin"
        },
        "x86_64-linux": {
          "outputs": [
            {
              "name": "bin",
              "path": "/nix/store/g37vd707w8bdp919rdnwwld27wsmhqff-curl-8.8.0-bin",
              "default": true
            },
            {
              "name": "man",
              "path": "/nix/store/b4dcsaqi4rq412266xjgsdxhlz3j9j1l-curl-8.8.0-man",
              "default": true
            },
            {
              "name": "devdoc",
              "path": "/nix/store/8ir4cggnbannsvch97vhzlcm66ffn462-curl-8.8.0-devdoc"
            },
            {
              "name": "out",
              "path": "/nix/store/y6w7agm3aw5p96q7vsgzivba0dqq3rd0-curl-8.8.0"
            },
            {
              "name": "debug",
              "path": "/nix/store/dvhapczz22wvp0s9ac69qqqm6l8v812z-curl-8.8.0-debug"
            },
            {
              "name": "dev",
              "path": "/nix/store/k7dijz2bzra5m32cs1zf1kgpzxg08x90-curl-8.8.0-dev"
            }
          ],
          "store_path": "/nix/store/g37vd707w8bdp919rdnwwld27wsmhqff-curl-8.8.0-bin"
        }
      }
    },
    "earthly@latest": {
      "last_modified": "2024-07-31T08:48:38Z",
      "resolved": "github:NixOS/nixpkgs/c3392ad349a5227f4a3464dce87bcc5046692fce#earthly",
      "source": "devbox-search",
      "version": "0.8.15",
      "systems": {
        "aarch64-darwin": {
          "outputs": [
            {
              "name": "out",
              "path": "/nix/store/diyki7yc8wjdlx1is147ai2axs4qfmcn-earthly-0.8.15",
              "default": true
            }
          ],
          "store_path": "/nix/store/diyki7yc8wjdlx1is147ai2axs4qfmcn-earthly-0.8.15"
        },
        "aarch64-linux": {
          "outputs": [
            {
              "name": "out",
              "path": "/nix/store/rfa416wyra8c1cldd7icl07xyniyjifs-earthly-0.8.15",
              "default": true
            }
          ],
          "store_path": "/nix/store/rfa416wyra8c1cldd7icl07xyniyjifs-earthly-0.8.15"
        },
        "x86_64-darwin": {
          "outputs": [
            {
              "name": "out",
              "path": "/nix/store/5vc7c027xy3cz76af6k57yfyrqzkhvni-earthly-0.8.15",
              "default": true
            }
          ],
          "store_path": "/nix/store/5vc7c027xy3cz76af6k57yfyrqzkhvni-earthly-0.8.15"
        },
        "x86_64-linux": {
          "outputs": [
            {
              "name": "out",
              "path": "/nix/store/gj98rjd7nrr71dnmz9iwdc3hgjcj90zm-earthly-0.8.15",
              "default": true
            }
          ],
          "store_path": "/nix/store/gj98rjd7nrr71dnmz9iwdc3hgjcj90zm-earthly-0.8.15"
        }
      }
    },
    "entr@latest": {
      "last_modified": "2024-07-31T08:48:38Z",
      "resolved": "github:NixOS/nixpkgs/c3392ad349a5227f4a3464dce87bcc5046692fce#entr",
      "source": "devbox-search",
      "version": "5.6",
      "systems": {
        "aarch64-darwin": {
          "outputs": [
            {
              "name": "out",
              "path": "/nix/store/v5rlj7g821ygv2q58xqm66v6liq9qzcz-entr-5.6",
              "default": true
            }
          ],
          "store_path": "/nix/store/v5rlj7g821ygv2q58xqm66v6liq9qzcz-entr-5.6"
        },
        "aarch64-linux": {
          "outputs": [
            {
              "name": "out",
              "path": "/nix/store/92xs8acv2k2mrjgpny76hsgs75ab1kxf-entr-5.6",
              "default": true
            }
          ],
          "store_path": "/nix/store/92xs8acv2k2mrjgpny76hsgs75ab1kxf-entr-5.6"
        },
        "x86_64-darwin": {
          "outputs": [
            {
              "name": "out",
              "path": "/nix/store/cwdr0n0730ayfnv5fbxm3yfd7hgn2sk9-entr-5.6",
              "default": true
            }
          ],
          "store_path": "/nix/store/cwdr0n0730ayfnv5fbxm3yfd7hgn2sk9-entr-5.6"
        },
        "x86_64-linux": {
          "outputs": [
            {
              "name": "out",
              "path": "/nix/store/f7q9mnicb3kg9jm6yqgd29gym2ljfg4a-entr-5.6",
              "default": true
            }
          ],
          "store_path": "/nix/store/f7q9mnicb3kg9jm6yqgd29gym2ljfg4a-entr-5.6"
        }
      }
    },
    "flyctl@latest": {
      "last_modified": "2024-08-13T00:39:45Z",
      "resolved": "github:NixOS/nixpkgs/60dfaff009e440faefbaeb20d8dda3239ba4a439#flyctl",
      "source": "devbox-search",
      "version": "0.2.109",
      "systems": {
        "aarch64-darwin": {
          "outputs": [
            {
              "name": "out",
              "path": "/nix/store/7y3bxzyp5k0wbmxfy3zi9zhkwk44wmlf-flyctl-0.2.109",
              "default": true
            }
          ],
          "store_path": "/nix/store/7y3bxzyp5k0wbmxfy3zi9zhkwk44wmlf-flyctl-0.2.109"
        },
        "aarch64-linux": {
          "outputs": [
            {
              "name": "out",
              "path": "/nix/store/n80r4b9b7ghyy41nnn85z16lbdf3mj99-flyctl-0.2.109",
              "default": true
            }
          ],
          "store_path": "/nix/store/n80r4b9b7ghyy41nnn85z16lbdf3mj99-flyctl-0.2.109"
        },
        "x86_64-darwin": {
          "outputs": [
            {
              "name": "out",
              "path": "/nix/store/kamiali79kz1pbsaa7rqsfyqjbriw9a5-flyctl-0.2.109",
              "default": true
            }
          ],
          "store_path": "/nix/store/kamiali79kz1pbsaa7rqsfyqjbriw9a5-flyctl-0.2.109"
        },
        "x86_64-linux": {
          "outputs": [
            {
              "name": "out",
              "path": "/nix/store/nh7h12jc07lg2zw0yvipv8nwa30c4gvm-flyctl-0.2.109",
              "default": true
            }
          ],
          "store_path": "/nix/store/nh7h12jc07lg2zw0yvipv8nwa30c4gvm-flyctl-0.2.109"
        }
      }
    },
    "jdk-headless@21": {
      "last_modified": "2024-06-12T20:55:33Z",
      "resolved": "github:NixOS/nixpkgs/a9858885e197f984d92d7fe64e9fff6b2e488d40#jdk21_headless",
      "source": "devbox-search",
      "version": "21+35",
      "systems": {
        "aarch64-linux": {
          "outputs": [
            {
              "name": "out",
              "path": "/nix/store/cnh8bcc5p6a9zash8wbvii9arqmsgypy-openjdk-headless-21+35",
              "default": true
            },
            {
              "name": "debug",
              "path": "/nix/store/4wzylhnkc277maikzxmc6sihlajd81yj-openjdk-headless-21+35-debug"
            }
          ],
          "store_path": "/nix/store/cnh8bcc5p6a9zash8wbvii9arqmsgypy-openjdk-headless-21+35"
        },
        "x86_64-linux": {
          "outputs": [
            {
              "name": "out",
              "path": "/nix/store/b5c03ljd9290bkp4b9356wdvncsh5ixv-openjdk-headless-21+35",
              "default": true
            },
            {
              "name": "debug",
              "path": "/nix/store/hw9naadfxlvrp0mx1ccd5hhw9aqr1nh6-openjdk-headless-21+35-debug"
            }
          ],
          "store_path": "/nix/store/b5c03ljd9290bkp4b9356wdvncsh5ixv-openjdk-headless-21+35"
        }
      }
    },
    "just@latest": {
      "last_modified": "2024-08-05T22:10:44Z",
      "resolved": "github:NixOS/nixpkgs/d3f42bd62aa840084563e3b93e4eab73cb0a0448#just",
      "source": "devbox-search",
      "version": "1.34.0",
      "systems": {
        "aarch64-darwin": {
          "outputs": [
            {
              "name": "out",
              "path": "/nix/store/bhmphvmb8054gl6v36micjgzjy8nl2yz-just-1.34.0",
              "default": true
            },
            {
              "name": "man",
              "path": "/nix/store/3dchibzgppf5s7m4zw7p925h8c4qmknh-just-1.34.0-man",
              "default": true
            },
            {
              "name": "doc",
              "path": "/nix/store/7hfr3mzqsfmdrlilda7wn5ps7lqfpfbg-just-1.34.0-doc"
            }
          ],
          "store_path": "/nix/store/bhmphvmb8054gl6v36micjgzjy8nl2yz-just-1.34.0"
        },
        "aarch64-linux": {
          "outputs": [
            {
              "name": "out",
              "path": "/nix/store/8b62mnp3qnhr78x7isrs94n6rgbpllz3-just-1.34.0",
              "default": true
            },
            {
              "name": "man",
              "path": "/nix/store/ybyl3x4rw7qzmn034vwihpy0m7169bq8-just-1.34.0-man",
              "default": true
            },
            {
              "name": "doc",
              "path": "/nix/store/q738imaq7j4f6a4s6g1gpirxns05qbam-just-1.34.0-doc"
            }
          ],
          "store_path": "/nix/store/8b62mnp3qnhr78x7isrs94n6rgbpllz3-just-1.34.0"
        },
        "x86_64-darwin": {
          "outputs": [
            {
              "name": "out",
              "path": "/nix/store/a3mmfpf9bjn2bp6r5i8lw11pnj8q9q61-just-1.34.0",
              "default": true
            },
            {
              "name": "man",
              "path": "/nix/store/yrlrpmq73jicx42i79dc8vzdx720nqa6-just-1.34.0-man",
              "default": true
            },
            {
              "name": "doc",
              "path": "/nix/store/rql3zwc9jqfrj7fzrbyxph9jnr1pn319-just-1.34.0-doc"
            }
          ],
          "store_path": "/nix/store/a3mmfpf9bjn2bp6r5i8lw11pnj8q9q61-just-1.34.0"
        },
        "x86_64-linux": {
          "outputs": [
            {
              "name": "out",
              "path": "/nix/store/kmcl4c1cdl1m7hwmwcgl003lmwsy249v-just-1.34.0",
              "default": true
            },
            {
              "name": "man",
              "path": "/nix/store/y07wb635xc19g1ph33hzpizdvxr5n651-just-1.34.0-man",
              "default": true
            },
            {
              "name": "doc",
              "path": "/nix/store/lkr9fa8sn3fxjpd78iml8rxf26x7pgk5-just-1.34.0-doc"
            }
          ],
          "store_path": "/nix/store/kmcl4c1cdl1m7hwmwcgl003lmwsy249v-just-1.34.0"
        }
      }
    },
    "mill@latest": {
      "last_modified": "2024-08-13T00:39:45Z",
      "resolved": "github:NixOS/nixpkgs/60dfaff009e440faefbaeb20d8dda3239ba4a439#mill",
      "source": "devbox-search",
      "version": "0.11.11",
      "systems": {
        "aarch64-darwin": {
          "outputs": [
            {
              "name": "out",
              "path": "/nix/store/b807w43z1hjzi8zpiibcjkfsa9q7gw31-mill-0.11.11",
              "default": true
            }
          ],
          "store_path": "/nix/store/b807w43z1hjzi8zpiibcjkfsa9q7gw31-mill-0.11.11"
        },
        "aarch64-linux": {
          "outputs": [
            {
              "name": "out",
              "path": "/nix/store/lq8aykllzbwgvibnz4f2cl7bmsmalys7-mill-0.11.11",
              "default": true
            }
          ],
          "store_path": "/nix/store/lq8aykllzbwgvibnz4f2cl7bmsmalys7-mill-0.11.11"
        },
        "x86_64-darwin": {
          "outputs": [
            {
              "name": "out",
              "path": "/nix/store/576c3alvw3ckwngpa0lgbbhz0i1xk5bg-mill-0.11.11",
              "default": true
            }
          ],
          "store_path": "/nix/store/576c3alvw3ckwngpa0lgbbhz0i1xk5bg-mill-0.11.11"
        },
        "x86_64-linux": {
          "outputs": [
            {
              "name": "out",
              "path": "/nix/store/fdfy8bmph1k90bpg4078dkm2036wdx90-mill-0.11.11",
              "default": true
            }
          ],
          "store_path": "/nix/store/fdfy8bmph1k90bpg4078dkm2036wdx90-mill-0.11.11"
        }
      }
    },
    "process-compose@latest": {
      "last_modified": "2024-08-13T00:39:45Z",
      "resolved": "github:NixOS/nixpkgs/60dfaff009e440faefbaeb20d8dda3239ba4a439#process-compose",
      "source": "devbox-search",
      "version": "1.18.0",
      "systems": {
        "aarch64-darwin": {
          "outputs": [
            {
              "name": "out",
              "path": "/nix/store/03w3s2m9kg94yd6hhpzd7wa4hcj9cl73-process-compose-1.18.0",
              "default": true
            }
          ],
          "store_path": "/nix/store/03w3s2m9kg94yd6hhpzd7wa4hcj9cl73-process-compose-1.18.0"
        },
        "aarch64-linux": {
          "outputs": [
            {
              "name": "out",
              "path": "/nix/store/9j392x6gy2mfywsm8zbafs1sq3k281ab-process-compose-1.18.0",
              "default": true
            }
          ],
          "store_path": "/nix/store/9j392x6gy2mfywsm8zbafs1sq3k281ab-process-compose-1.18.0"
        },
        "x86_64-darwin": {
          "outputs": [
            {
              "name": "out",
              "path": "/nix/store/zc7s5mq185xvxcskbx3ni7x1a5771prf-process-compose-1.18.0",
              "default": true
            }
          ],
          "store_path": "/nix/store/zc7s5mq185xvxcskbx3ni7x1a5771prf-process-compose-1.18.0"
        },
        "x86_64-linux": {
          "outputs": [
            {
              "name": "out",
              "path": "/nix/store/mcvpwmw0a9jwnkxjy5ykpm6w36sx4ljl-process-compose-1.18.0",
              "default": true
            }
          ],
          "store_path": "/nix/store/mcvpwmw0a9jwnkxjy5ykpm6w36sx4ljl-process-compose-1.18.0"
        }
      }
    },
    "scalafmt@latest": {
      "last_modified": "2024-07-31T08:48:38Z",
      "resolved": "github:NixOS/nixpkgs/c3392ad349a5227f4a3464dce87bcc5046692fce#scalafmt",
      "source": "devbox-search",
      "version": "3.7.17",
      "systems": {
        "aarch64-darwin": {
          "outputs": [
            {
              "name": "out",
              "path": "/nix/store/zxq4mpsl3df0q9d8nanni9ww9h4067rb-scalafmt-3.7.17",
              "default": true
            }
          ],
          "store_path": "/nix/store/zxq4mpsl3df0q9d8nanni9ww9h4067rb-scalafmt-3.7.17"
        },
        "aarch64-linux": {
          "outputs": [
            {
              "name": "out",
              "path": "/nix/store/906ip4rcphnnsagv2k64f0mr51m7nyg3-scalafmt-3.7.17",
              "default": true
            }
          ],
          "store_path": "/nix/store/906ip4rcphnnsagv2k64f0mr51m7nyg3-scalafmt-3.7.17"
        },
        "x86_64-darwin": {
          "outputs": [
            {
              "name": "out",
              "path": "/nix/store/8f4xbh5i96dwgs7ang0z5nc9yh7miq0p-scalafmt-3.7.17",
              "default": true
            }
          ],
          "store_path": "/nix/store/8f4xbh5i96dwgs7ang0z5nc9yh7miq0p-scalafmt-3.7.17"
        },
        "x86_64-linux": {
          "outputs": [
            {
              "name": "out",
              "path": "/nix/store/6wlszd1n8fdbaa3zvf5rzvp8largf6zd-scalafmt-3.7.17",
              "default": true
            }
          ],
          "store_path": "/nix/store/6wlszd1n8fdbaa3zvf5rzvp8largf6zd-scalafmt-3.7.17"
        }
      }
    },
    "schemacrawler@latest": {
      "last_modified": "2024-08-13T00:39:45Z",
      "resolved": "github:NixOS/nixpkgs/60dfaff009e440faefbaeb20d8dda3239ba4a439#schemacrawler",
      "source": "devbox-search",
      "version": "16.22.2",
      "systems": {
        "aarch64-darwin": {
          "outputs": [
            {
              "name": "out",
              "path": "/nix/store/rk985jdbqpnsd3cy1qlyvvzv8hwxmmp6-schemacrawler-16.22.2",
              "default": true
            }
          ],
          "store_path": "/nix/store/rk985jdbqpnsd3cy1qlyvvzv8hwxmmp6-schemacrawler-16.22.2"
        },
        "aarch64-linux": {
          "outputs": [
            {
              "name": "out",
              "path": "/nix/store/6wwakhcng6ahxshn4bjr7jr9cnw1m2z1-schemacrawler-16.22.2",
              "default": true
            }
          ],
          "store_path": "/nix/store/6wwakhcng6ahxshn4bjr7jr9cnw1m2z1-schemacrawler-16.22.2"
        },
        "x86_64-darwin": {
          "outputs": [
            {
              "name": "out",
              "path": "/nix/store/9x21qzna66r4asn9f8rm7p36jpa194rz-schemacrawler-16.22.2",
              "default": true
            }
          ],
          "store_path": "/nix/store/9x21qzna66r4asn9f8rm7p36jpa194rz-schemacrawler-16.22.2"
        },
        "x86_64-linux": {
          "outputs": [
            {
              "name": "out",
              "path": "/nix/store/b675imd4snqjvmg00ic9m5vgz5m7flnd-schemacrawler-16.22.2",
              "default": true
            }
          ],
          "store_path": "/nix/store/b675imd4snqjvmg00ic9m5vgz5m7flnd-schemacrawler-16.22.2"
        }
      }
    },
    "sqlc@latest": {
      "last_modified": "2024-08-14T02:42:29Z",
      "resolved": "github:NixOS/nixpkgs/daf7bb95821b789db24fc1ac21f613db0c1bf2cb#sqlc",
      "source": "devbox-search",
      "version": "1.27.0",
      "systems": {
        "aarch64-darwin": {
          "outputs": [
            {
              "name": "out",
              "path": "/nix/store/q4w95n287kgqizzjcc1kcr78298wimi7-sqlc-1.27.0",
              "default": true
            }
          ],
          "store_path": "/nix/store/q4w95n287kgqizzjcc1kcr78298wimi7-sqlc-1.27.0"
        },
        "aarch64-linux": {
          "outputs": [
            {
              "name": "out",
              "path": "/nix/store/nb888970srxnsfiaji3s5hyn1c76xhnq-sqlc-1.27.0",
              "default": true
            }
          ],
          "store_path": "/nix/store/nb888970srxnsfiaji3s5hyn1c76xhnq-sqlc-1.27.0"
        },
        "x86_64-darwin": {
          "outputs": [
            {
              "name": "out",
              "path": "/nix/store/266zlmjp22zrfvaiar8a9mc3pgj5mmd5-sqlc-1.27.0",
              "default": true
            }
          ],
          "store_path": "/nix/store/266zlmjp22zrfvaiar8a9mc3pgj5mmd5-sqlc-1.27.0"
        },
        "x86_64-linux": {
          "outputs": [
            {
              "name": "out",
              "path": "/nix/store/2gqpg8hgv2chkc4s7w5xk25x8ckir2q6-sqlc-1.27.0",
              "default": true
            }
          ],
          "store_path": "/nix/store/2gqpg8hgv2chkc4s7w5xk25x8ckir2q6-sqlc-1.27.0"
        }
      }
    },
    "sqlite-interactive@latest": {
      "last_modified": "2024-08-13T00:39:45Z",
      "resolved": "github:NixOS/nixpkgs/60dfaff009e440faefbaeb20d8dda3239ba4a439#sqlite-interactive",
      "source": "devbox-search",
      "version": "3.46.0",
      "systems": {
        "aarch64-darwin": {
          "outputs": [
            {
              "name": "bin",
              "path": "/nix/store/7ww2h0fz5c3i6xlgggdhfgkyj57ikms8-sqlite-interactive-3.46.0-bin",
              "default": true
            },
            {
              "name": "dev",
              "path": "/nix/store/1jyrxhvmxqk854jhad1x10li0m5pn1va-sqlite-interactive-3.46.0-dev"
            },
            {
              "name": "out",
              "path": "/nix/store/l7fpdd7ix8b3r4cahmm36i4adqwcl082-sqlite-interactive-3.46.0"
            }
          ],
          "store_path": "/nix/store/7ww2h0fz5c3i6xlgggdhfgkyj57ikms8-sqlite-interactive-3.46.0-bin"
        },
        "aarch64-linux": {
          "outputs": [
            {
              "name": "bin",
              "path": "/nix/store/s4kzzsrvxkz35sbksi0f2qgs5wzgj2gi-sqlite-interactive-3.46.0-bin",
              "default": true
            },
            {
              "name": "debug",
              "path": "/nix/store/gggfwm9519q3bn74nwapkgz2pz85hc5z-sqlite-interactive-3.46.0-debug"
            },
            {
              "name": "dev",
              "path": "/nix/store/qpgk0l7ngdmc5x62v0m6bpzzmx3j9p2c-sqlite-interactive-3.46.0-dev"
            },
            {
              "name": "out",
              "path": "/nix/store/q1iibi16ykykzwnigp4kp88a5m0kv8ff-sqlite-interactive-3.46.0"
            }
          ],
          "store_path": "/nix/store/s4kzzsrvxkz35sbksi0f2qgs5wzgj2gi-sqlite-interactive-3.46.0-bin"
        },
        "x86_64-darwin": {
          "outputs": [
            {
              "name": "bin",
              "path": "/nix/store/jsqmss7vnwz59a9qz9fwjwjw9ncbda5z-sqlite-interactive-3.46.0-bin",
              "default": true
            },
            {
              "name": "dev",
              "path": "/nix/store/5d1s8q3xdkxi44z07c6xarxw91zv9mgf-sqlite-interactive-3.46.0-dev"
            },
            {
              "name": "out",
              "path": "/nix/store/gbjv3rmjyjabqzbrgb4jzivdyzl8zisa-sqlite-interactive-3.46.0"
            }
          ],
          "store_path": "/nix/store/jsqmss7vnwz59a9qz9fwjwjw9ncbda5z-sqlite-interactive-3.46.0-bin"
        },
        "x86_64-linux": {
          "outputs": [
            {
              "name": "bin",
              "path": "/nix/store/cdn3mnbxfhww7r40r5snmxipqaz7j5kk-sqlite-interactive-3.46.0-bin",
              "default": true
            },
            {
              "name": "debug",
              "path": "/nix/store/2a7qlpiswyy8w3g9f6k6sc56iwsl85xx-sqlite-interactive-3.46.0-debug"
            },
            {
              "name": "dev",
              "path": "/nix/store/axfhrvyvp7z1wbq8sbxpq1wsr8w8pr4f-sqlite-interactive-3.46.0-dev"
            },
            {
              "name": "out",
              "path": "/nix/store/98iijnlwz8smhsi0y1xzlv1jvpqb1yc1-sqlite-interactive-3.46.0"
            }
          ],
          "store_path": "/nix/store/cdn3mnbxfhww7r40r5snmxipqaz7j5kk-sqlite-interactive-3.46.0-bin"
        }
      }
    }
  }
}
